
Microsoft Visual Studio Solution File, Format Version 12.00
# Visual Studio 15
VisualStudioVersion = 15.0.28307.106
MinimumVisualStudioVersion = 10.0.40219.1
Project("{9A19103F-16F7-4668-BE54-9A1E7A4F7556}") = "TodoApp", "TodoApp.csproj", "{D70E9F50-0ABE-4D41-993D-B7458A920571}"
EndProject
Global
	GlobalSection(SolutionConfigurationPlatforms) = preSolution
		Debug|Any CPU = Debug|Any CPU
		Release|Any CPU = Release|Any CPU
	EndGlobalSection
	GlobalSection(ProjectConfigurationPlatforms) = postSolution
		{D70E9F50-0ABE-4D41-993D-B7458A920571}.Debug|Any CPU.ActiveCfg = Debug|Any CPU
		{D70E9F50-0ABE-4D41-993D-B7458A920571}.Debug|Any CPU.Build.0 = Debug|Any CPU
		{D70E9F50-0ABE-4D41-993D-B7458A920571}.Release|Any CPU.ActiveCfg = Release|Any CPU
		{D70E9F50-0ABE-4D41-993D-B7458A920571}.Release|Any CPU.Build.0 = Release|Any CPU
	EndGlobalSection
	GlobalSection(SolutionProperties) = preSolution
		HideSolutionNode = FALSE
	EndGlobalSection
	GlobalSection(ExtensibilityGlobals) = postSolution
		SolutionGuid = {54753166-7EAC-479E-AF6A-FDCB7A946BA7}
	EndGlobalSection
EndGlobal
